// !$*UTF8*$!
{
	archiveVersion = 1;
	classes = {
	};
	objectVersion = 46;
	objects = {

/* Begin PBXBuildFile section */
		9CA2101C1CEC9E93002061C3 /* AppDelegate.swift in Sources */ = {isa = PBXBuildFile; fileRef = 9CA2101B1CEC9E93002061C3 /* AppDelegate.swift */; };
		9CA2101E1CEC9E93002061C3 /* ViewController.swift in Sources */ = {isa = PBXBuildFile; fileRef = 9CA2101D1CEC9E93002061C3 /* ViewController.swift */; };
		9CA210211CEC9E93002061C3 /* Main.storyboard in Resources */ = {isa = PBXBuildFile; fileRef = 9CA2101F1CEC9E93002061C3 /* Main.storyboard */; };
		9CA210231CEC9E93002061C3 /* Assets.xcassets in Resources */ = {isa = PBXBuildFile; fileRef = 9CA210221CEC9E93002061C3 /* Assets.xcassets */; };
		9CA210261CEC9E93002061C3 /* LaunchScreen.storyboard in Resources */ = {isa = PBXBuildFile; fileRef = 9CA210241CEC9E93002061C3 /* LaunchScreen.storyboard */; };
		9CA2102E1CECA11B002061C3 /* ASCalendar.swift in Sources */ = {isa = PBXBuildFile; fileRef = 9CA2102D1CECA11B002061C3 /* ASCalendar.swift */; };
		9CA210301CECA155002061C3 /* ASCustomPopover.swift in Sources */ = {isa = PBXBuildFile; fileRef = 9CA2102F1CECA155002061C3 /* ASCustomPopover.swift */; };
		9CA210331CECA37D002061C3 /* ASCustomLayer.swift in Sources */ = {isa = PBXBuildFile; fileRef = 9CA210321CECA37D002061C3 /* ASCustomLayer.swift */; };
		9CA210351CECA4B2002061C3 /* ASCalendarV.xib in Resources */ = {isa = PBXBuildFile; fileRef = 9CA210341CECA4B2002061C3 /* ASCalendarV.xib */; };
		9CA210371CECA4C3002061C3 /* ASCalendarV.swift in Sources */ = {isa = PBXBuildFile; fileRef = 9CA210361CECA4C3002061C3 /* ASCalendarV.swift */; };
		9CA2103A1CECB4C1002061C3 /* ASBodyV.swift in Sources */ = {isa = PBXBuildFile; fileRef = 9CA210391CECB4C1002061C3 /* ASBodyV.swift */; };
/* End PBXBuildFile section */

/* Begin PBXFileReference section */
		9CA210181CEC9E93002061C3 /* Example.app */ = {isa = PBXFileReference; explicitFileType = wrapper.application; includeInIndex = 0; path = Example.app; sourceTree = BUILT_PRODUCTS_DIR; };
		9CA2101B1CEC9E93002061C3 /* AppDelegate.swift */ = {isa = PBXFileReference; lastKnownFileType = sourcecode.swift; path = AppDelegate.swift; sourceTree = "<group>"; };
		9CA2101D1CEC9E93002061C3 /* ViewController.swift */ = {isa = PBXFileReference; lastKnownFileType = sourcecode.swift; path = ViewController.swift; sourceTree = "<group>"; };
		9CA210201CEC9E93002061C3 /* Base */ = {isa = PBXFileReference; lastKnownFileType = file.storyboard; name = Base; path = Base.lproj/Main.storyboard; sourceTree = "<group>"; };
		9CA210221CEC9E93002061C3 /* Assets.xcassets */ = {isa = PBXFileReference; lastKnownFileType = folder.assetcatalog; path = Assets.xcassets; sourceTree = "<group>"; };
		9CA210251CEC9E93002061C3 /* Base */ = {isa = PBXFileReference; lastKnownFileType = file.storyboard; name = Base; path = Base.lproj/LaunchScreen.storyboard; sourceTree = "<group>"; };
		9CA210271CEC9E93002061C3 /* Info.plist */ = {isa = PBXFileReference; lastKnownFileType = text.plist.xml; path = Info.plist; sourceTree = "<group>"; };
		9CA2102D1CECA11B002061C3 /* ASCalendar.swift */ = {isa = PBXFileReference; fileEncoding = 4; lastKnownFileType = sourcecode.swift; name = ASCalendar.swift; path = Calendar/ASCalendar.swift; sourceTree = "<group>"; };
		9CA2102F1CECA155002061C3 /* ASCustomPopover.swift */ = {isa = PBXFileReference; fileEncoding = 4; lastKnownFileType = sourcecode.swift; name = ASCustomPopover.swift; path = Calendar/ASCustomPopover.swift; sourceTree = "<group>"; };
		9CA210321CECA37D002061C3 /* ASCustomLayer.swift */ = {isa = PBXFileReference; fileEncoding = 4; lastKnownFileType = sourcecode.swift; name = ASCustomLayer.swift; path = Calendar/ASCustomLayer.swift; sourceTree = "<group>"; };
		9CA210341CECA4B2002061C3 /* ASCalendarV.xib */ = {isa = PBXFileReference; fileEncoding = 4; lastKnownFileType = file.xib; name = ASCalendarV.xib; path = Calendar/ASCalendarV.xib; sourceTree = "<group>"; };
		9CA210361CECA4C3002061C3 /* ASCalendarV.swift */ = {isa = PBXFileReference; fileEncoding = 4; lastKnownFileType = sourcecode.swift; name = ASCalendarV.swift; path = Calendar/ASCalendarV.swift; sourceTree = "<group>"; };
		9CA210391CECB4C1002061C3 /* ASBodyV.swift */ = {isa = PBXFileReference; fileEncoding = 4; lastKnownFileType = sourcecode.swift; name = ASBodyV.swift; path = Calendar/ASBodyV.swift; sourceTree = "<group>"; };
/* End PBXFileReference section */

/* Begin PBXFrameworksBuildPhase section */
		9CA210151CEC9E93002061C3 /* Frameworks */ = {
			isa = PBXFrameworksBuildPhase;
			buildActionMask = 2147483647;
			files = (
			);
			runOnlyForDeploymentPostprocessing = 0;
		};
/* End PBXFrameworksBuildPhase section */

/* Begin PBXGroup section */
		9CA2100F1CEC9E92002061C3 = {
			isa = PBXGroup;
			children = (
				9CA2101A1CEC9E93002061C3 /* Example */,
				9CA210191CEC9E93002061C3 /* Products */,
			);
			sourceTree = "<group>";
		};
		9CA210191CEC9E93002061C3 /* Products */ = {
			isa = PBXGroup;
			children = (
				9CA210181CEC9E93002061C3 /* Example.app */,
			);
			name = Products;
			sourceTree = "<group>";
		};
		9CA2101A1CEC9E93002061C3 /* Example */ = {
			isa = PBXGroup;
			children = (
				9CA2101B1CEC9E93002061C3 /* AppDelegate.swift */,
				9CA2101D1CEC9E93002061C3 /* ViewController.swift */,
				9CA210311CECA24B002061C3 /* Calendar */,
				9CA2101F1CEC9E93002061C3 /* Main.storyboard */,
				9CA210221CEC9E93002061C3 /* Assets.xcassets */,
				9CA210241CEC9E93002061C3 /* LaunchScreen.storyboard */,
				9CA210271CEC9E93002061C3 /* Info.plist */,
			);
			path = Example;
			sourceTree = "<group>";
		};
		9CA210311CECA24B002061C3 /* Calendar */ = {
			isa = PBXGroup;
			children = (
				9CA2102D1CECA11B002061C3 /* ASCalendar.swift */,
				9CA2102F1CECA155002061C3 /* ASCustomPopover.swift */,
				9CA210381CECB391002061C3 /* View */,
				9CA210321CECA37D002061C3 /* ASCustomLayer.swift */,
			);
			name = Calendar;
			sourceTree = "<group>";
		};
		9CA210381CECB391002061C3 /* View */ = {
			isa = PBXGroup;
			children = (
				9CA210341CECA4B2002061C3 /* ASCalendarV.xib */,
				9CA210361CECA4C3002061C3 /* ASCalendarV.swift */,
				9CA210391CECB4C1002061C3 /* ASBodyV.swift */,
			);
			name = View;
			sourceTree = "<group>";
		};
/* End PBXGroup section */

/* Begin PBXNativeTarget section */
		9CA210171CEC9E93002061C3 /* Example */ = {
			isa = PBXNativeTarget;
			buildConfigurationList = 9CA2102A1CEC9E93002061C3 /* Build configuration list for PBXNativeTarget "Example" */;
			buildPhases = (
				9CA210141CEC9E93002061C3 /* Sources */,
				9CA210151CEC9E93002061C3 /* Frameworks */,
				9CA210161CEC9E93002061C3 /* Resources */,
			);
			buildRules = (
			);
			dependencies = (
			);
			name = Example;
			productName = Example;
			productReference = 9CA210181CEC9E93002061C3 /* Example.app */;
			productType = "com.apple.product-type.application";
		};
/* End PBXNativeTarget section */

/* Begin PBXProject section */
		9CA210101CEC9E92002061C3 /* Project object */ = {
			isa = PBXProject;
			attributes = {
				LastSwiftUpdateCheck = 0730;
				LastUpgradeCheck = 0730;
				ORGANIZATIONNAME = "Alberto Scampini";
				TargetAttributes = {
					9CA210171CEC9E93002061C3 = {
						CreatedOnToolsVersion = 7.3.1;
					};
				};
			};
			buildConfigurationList = 9CA210131CEC9E92002061C3 /* Build configuration list for PBXProject "Example" */;
			compatibilityVersion = "Xcode 3.2";
			developmentRegion = English;
			hasScannedForEncodings = 0;
			knownRegions = (
				en,
				Base,
			);
			mainGroup = 9CA2100F1CEC9E92002061C3;
			productRefGroup = 9CA210191CEC9E93002061C3 /* Products */;
			projectDirPath = "";
			projectRoot = "";
			targets = (
				9CA210171CEC9E93002061C3 /* Example */,
			);
		};
/* End PBXProject section */

/* Begin PBXResourcesBuildPhase section */
		9CA210161CEC9E93002061C3 /* Resources */ = {
			isa = PBXResourcesBuildPhase;
			buildActionMask = 2147483647;
			files = (
				9CA210351CECA4B2002061C3 /* ASCalendarV.xib in Resources */,
				9CA210261CEC9E93002061C3 /* LaunchScreen.storyboard in Resources */,
				9CA210231CEC9E93002061C3 /* Assets.xcassets in Resources */,
				9CA210211CEC9E93002061C3 /* Main.storyboard in Resources */,
			);
			runOnlyForDeploymentPostprocessing = 0;
		};
/* End PBXResourcesBuildPhase section */

/* Begin PBXSourcesBuildPhase section */
		9CA210141CEC9E93002061C3 /* Sources */ = {
			isa = PBXSourcesBuildPhase;
			buildActionMask = 2147483647;
			files = (
				9CA2101E1CEC9E93002061C3 /* ViewController.swift in Sources */,
				9CA210331CECA37D002061C3 /* ASCustomLayer.swift in Sources */,
				9CA210371CECA4C3002061C3 /* ASCalendarV.swift in Sources */,
				9CA2103A1CECB4C1002061C3 /* ASBodyV.swift in Sources */,
				9CA210301CECA155002061C3 /* ASCustomPopover.swift in Sources */,
				9CA2102E1CECA11B002061C3 /* ASCalendar.swift in Sources */,
				9CA2101C1CEC9E93002061C3 /* AppDelegate.swift in Sources */,
			);
			runOnlyForDeploymentPostprocessing = 0;
		};
/* End PBXSourcesBuildPhase section */

/* Begin PBXVariantGroup section */
		9CA2101F1CEC9E93002061C3 /* Main.storyboard */ = {
			isa = PBXVariantGroup;
			children = (
				9CA210201CEC9E93002061C3 /* Base */,
			);
			name = Main.storyboard;
			sourceTree = "<group>";
		};
		9CA210241CEC9E93002061C3 /* LaunchScreen.storyboard */ = {
			isa = PBXVariantGroup;
			children = (
				9CA210251CEC9E93002061C3 /* Base */,
			);
			name = LaunchScreen.storyboard;
			sourceTree = "<group>";
		};
/* End PBXVariantGroup section */

/* Begin XCBuildConfiguration section */
		9CA210281CEC9E93002061C3 /* Debug */ = {
			isa = XCBuildConfiguration;
			buildSettings = {
				ALWAYS_SEARCH_USER_PATHS = NO;
				CLANG_ANALYZER_NONNULL = YES;
				CLANG_CXX_LANGUAGE_STANDARD = "gnu++0x";
				CLANG_CXX_LIBRARY = "libc++";
				CLANG_ENABLE_MODULES = YES;
				CLANG_ENABLE_OBJC_ARC = YES;
				CLANG_WARN_BOOL_CONVERSION = YES;
				CLANG_WARN_CONSTANT_CONVERSION = YES;
				CLANG_WARN_DIRECT_OBJC_ISA_USAGE = YES_ERROR;
				CLANG_WARN_EMPTY_BODY = YES;
				CLANG_WARN_ENUM_CONVERSION = YES;
				CLANG_WARN_INT_CONVERSION = YES;
				CLANG_WARN_OBJC_ROOT_CLASS = YES_ERROR;
				CLANG_WARN_UNREACHABLE_CODE = YES;
				CLANG_WARN__DUPLICATE_METHOD_MATCH = YES;
				"CODE_SIGN_IDENTITY[sdk=iphoneos*]" = "iPhone Developer";
				COPY_PHASE_STRIP = NO;
				DEBUG_INFORMATION_FORMAT = dwarf;
				ENABLE_STRICT_OBJC_MSGSEND = YES;
				ENABLE_TESTABILITY = YES;
				GCC_C_LANGUAGE_STANDARD = gnu99;
				GCC_DYNAMIC_NO_PIC = NO;
				GCC_NO_COMMON_BLOCKS = YES;
				GCC_OPTIMIZATION_LEVEL = 0;
				GCC_PREPROCESSOR_DEFINITIONS = (
					"DEBUG=1",
					"$(inherited)",
				);
				GCC_WARN_64_TO_32_BIT_CONVERSION = YES;
				GCC_WARN_ABOUT_RETURN_TYPE = YES_ERROR;
				GCC_WARN_UNDECLARED_SELECTOR = YES;
				GCC_WARN_UNINITIALIZED_AUTOS = YES_AGGRESSIVE;
				GCC_WARN_UNUSED_FUNCTION = YES;
				GCC_WARN_UNUSED_VARIABLE = YES;
				IPHONEOS_DEPLOYMENT_TARGET = 9.3;
				MTL_ENABLE_DEBUG_INFO = YES;
				ONLY_ACTIVE_ARCH = YES;
				SDKROOT = iphoneos;
				SWIFT_OPTIMIZATION_LEVEL = "-Onone";
				TARGETED_DEVICE_FAMILY = "1,2";
			};
			name = Debug;
		};
		9CA210291CEC9E93002061C3 /* Release */ = {
			isa = XCBuildConfiguration;
			buildSettings = {
				ALWAYS_SEARCH_USER_PATHS = NO;
				CLANG_ANALYZER_NONNULL = YES;
				CLANG_CXX_LANGUAGE_STANDARD = "gnu++0x";
				CLANG_CXX_LIBRARY = "libc++";
				CLANG_ENABLE_MODULES = YES;
				CLANG_ENABLE_OBJC_ARC = YES;
				CLANG_WARN_BOOL_CONVERSION = YES;
				CLANG_WARN_CONSTANT_CONVERSION = YES;
				CLANG_WARN_DIRECT_OBJC_ISA_USAGE = YES_ERROR;
				CLANG_WARN_EMPTY_BODY = YES;
				CLANG_WARN_ENUM_CONVERSION = YES;
				CLANG_WARN_INT_CONVERSION = YES;
				CLANG_WARN_OBJC_ROOT_CLASS = YES_ERROR;
				CLANG_WARN_UNREACHABLE_CODE = YES;
				CLANG_WARN__DUPLICATE_METHOD_MATCH = YES;
				"CODE_SIGN_IDENTITY[sdk=iphoneos*]" = "iPhone Developer";
				COPY_PHASE_STRIP = NO;
				DEBUG_INFORMATION_FORMAT = "dwarf-with-dsym";
				ENABLE_NS_ASSERTIONS = NO;
				ENABLE_STRICT_OBJC_MSGSEND = YES;
				GCC_C_LANGUAGE_STANDARD = gnu99;
				GCC_NO_COMMON_BLOCKS = YES;
				GCC_WARN_64_TO_32_BIT_CONVERSION = YES;
				GCC_WARN_ABOUT_RETURN_TYPE = YES_ERROR;
				GCC_WARN_UNDECLARED_SELECTOR = YES;
				GCC_WARN_UNINITIALIZED_AUTOS = YES_AGGRESSIVE;
				GCC_WARN_UNUSED_FUNCTION = YES;
				GCC_WARN_UNUSED_VARIABLE = YES;
				IPHONEOS_DEPLOYMENT_TARGET = 9.3;
				MTL_ENABLE_DEBUG_INFO = NO;
				SDKROOT = iphoneos;
				TARGETED_DEVICE_FAMILY = "1,2";
				VALIDATE_PRODUCT = YES;
			};
			name = Release;
		};
		9CA2102B1CEC9E93002061C3 /* Debug */ = {
			isa = XCBuildConfiguration;
			buildSettings = {
				ASSETCATALOG_COMPILER_APPICON_NAME = AppIcon;
				INFOPLIST_FILE = Example/Info.plist;
				LD_RUNPATH_SEARCH_PATHS = "$(inherited) @executable_path/Frameworks";
				PRODUCT_BUNDLE_IDENTIFIER = "Alberto-Scampini.Example";
				PRODUCT_NAME = "$(TARGET_NAME)";
			};
			name = Debug;
		};
		9CA2102C1CEC9E93002061C3 /* Release */ = {
			isa = XCBuildConfiguration;
			buildSettings = {
				ASSETCATALOG_COMPILER_APPICON_NAME = AppIcon;
				INFOPLIST_FILE = Example/Info.plist;
				LD_RUNPATH_SEARCH_PATHS = "$(inherited) @executable_path/Frameworks";
				PRODUCT_BUNDLE_IDENTIFIER = "Alberto-Scampini.Example";
				PRODUCT_NAME = "$(TARGET_NAME)";
			};
			name = Release;
		};
/* End XCBuildConfiguration section */

/* Begin XCConfigurationList section */
		9CA210131CEC9E92002061C3 /* Build configuration list for PBXProject "Example" */ = {
			isa = XCConfigurationList;
			buildConfigurations = (
				9CA210281CEC9E93002061C3 /* Debug */,
				9CA210291CEC9E93002061C3 /* Release */,
			);
			defaultConfigurationIsVisible = 0;
			defaultConfigurationName = Release;
		};
		9CA2102A1CEC9E93002061C3 /* Build configuration list for PBXNativeTarget "Example" */ = {
			isa = XCConfigurationList;
			buildConfigurations = (
				9CA2102B1CEC9E93002061C3 /* Debug */,
				9CA2102C1CEC9E93002061C3 /* Release */,
			);
			defaultConfigurationIsVisible = 0;
		};
/* End XCConfigurationList section */
	};
	rootObject = 9CA210101CEC9E92002061C3 /* Project object */;
}
